// !$*UTF8*$!
{
	archiveVersion = 1;
	classes = {
	};
	objectVersion = 46;
	objects = {

/* Begin PBXBuildFile section */
		CE17B7211D020D410058AB13 /* main.cpp in Sources */ = {isa = PBXBuildFile; fileRef = CE17B7201D020D410058AB13 /* main.cpp */; };
		CE17B7291D020EC70058AB13 /* customer.cpp in Sources */ = {isa = PBXBuildFile; fileRef = CE17B7281D020EC70058AB13 /* customer.cpp */; };
		CE17B72C1D0213B90058AB13 /* inventory.cpp in Sources */ = {isa = PBXBuildFile; fileRef = CE17B72A1D0213B90058AB13 /* inventory.cpp */; };
		CE17B72E1D0671C50058AB13 /* classic.cpp in Sources */ = {isa = PBXBuildFile; fileRef = CE17B72D1D0671C50058AB13 /* classic.cpp */; };
		CE17B7311D0671D20058AB13 /* movie.cpp in Sources */ = {isa = PBXBuildFile; fileRef = CE17B7301D0671D20058AB13 /* movie.cpp */; };
		CE17B7371D07D9B00058AB13 /* bintree.cpp in Sources */ = {isa = PBXBuildFile; fileRef = CE17B7331D07D9B00058AB13 /* bintree.cpp */; };
		CE17B7381D07D9B00058AB13 /* hash.cpp in Sources */ = {isa = PBXBuildFile; fileRef = CE17B7351D07D9B00058AB13 /* hash.cpp */; };
		CE17B7471D085F510058AB13 /* borrow.cpp in Sources */ = {isa = PBXBuildFile; fileRef = CE17B7391D085F510058AB13 /* borrow.cpp */; };
		CE17B7481D085F510058AB13 /* comedy.cpp in Sources */ = {isa = PBXBuildFile; fileRef = CE17B73B1D085F510058AB13 /* comedy.cpp */; };
		CE17B7491D085F510058AB13 /* drama.cpp in Sources */ = {isa = PBXBuildFile; fileRef = CE17B73D1D085F510058AB13 /* drama.cpp */; };
		CE17B74A1D085F510058AB13 /* history.cpp in Sources */ = {isa = PBXBuildFile; fileRef = CE17B73F1D085F510058AB13 /* history.cpp */; };
		CE17B74B1D085F510058AB13 /* returnMovie.cpp in Sources */ = {isa = PBXBuildFile; fileRef = CE17B7411D085F510058AB13 /* returnMovie.cpp */; };
		CE17B74C1D085F510058AB13 /* storemanager.cpp in Sources */ = {isa = PBXBuildFile; fileRef = CE17B7431D085F510058AB13 /* storemanager.cpp */; };
		CE17B74D1D085F510058AB13 /* transaction.cpp in Sources */ = {isa = PBXBuildFile; fileRef = CE17B7451D085F510058AB13 /* transaction.cpp */; };
/* End PBXBuildFile section */

/* Begin PBXCopyFilesBuildPhase section */
		CE17B71B1D020D410058AB13 /* CopyFiles */ = {
			isa = PBXCopyFilesBuildPhase;
			buildActionMask = 2147483647;
			dstPath = /usr/share/man/man1/;
			dstSubfolderSpec = 0;
			files = (
			);
			runOnlyForDeploymentPostprocessing = 1;
		};
/* End PBXCopyFilesBuildPhase section */

/* Begin PBXFileReference section */
		CE17B71D1D020D410058AB13 /* P4 */ = {isa = PBXFileReference; explicitFileType = "compiled.mach-o.executable"; includeInIndex = 0; path = P4; sourceTree = BUILT_PRODUCTS_DIR; };
		CE17B7201D020D410058AB13 /* main.cpp */ = {isa = PBXFileReference; lastKnownFileType = sourcecode.cpp.cpp; path = main.cpp; sourceTree = "<group>"; };
		CE17B7271D020E200058AB13 /* customer.h */ = {isa = PBXFileReference; lastKnownFileType = sourcecode.c.h; path = customer.h; sourceTree = "<group>"; };
		CE17B7281D020EC70058AB13 /* customer.cpp */ = {isa = PBXFileReference; fileEncoding = 4; lastKnownFileType = sourcecode.cpp.cpp; path = customer.cpp; sourceTree = "<group>"; };
		CE17B72A1D0213B90058AB13 /* inventory.cpp */ = {isa = PBXFileReference; fileEncoding = 4; lastKnownFileType = sourcecode.cpp.cpp; path = inventory.cpp; sourceTree = "<group>"; };
		CE17B72B1D0213B90058AB13 /* inventory.h */ = {isa = PBXFileReference; fileEncoding = 4; lastKnownFileType = sourcecode.c.h; path = inventory.h; sourceTree = "<group>"; };
		CE17B72D1D0671C50058AB13 /* classic.cpp */ = {isa = PBXFileReference; fileEncoding = 4; lastKnownFileType = sourcecode.cpp.cpp; path = classic.cpp; sourceTree = "<group>"; };
		CE17B72F1D0671CB0058AB13 /* classic.h */ = {isa = PBXFileReference; fileEncoding = 4; lastKnownFileType = sourcecode.c.h; path = classic.h; sourceTree = "<group>"; };
		CE17B7301D0671D20058AB13 /* movie.cpp */ = {isa = PBXFileReference; fileEncoding = 4; lastKnownFileType = sourcecode.cpp.cpp; path = movie.cpp; sourceTree = "<group>"; };
		CE17B7321D0671DB0058AB13 /* movie.h */ = {isa = PBXFileReference; fileEncoding = 4; lastKnownFileType = sourcecode.c.h; path = movie.h; sourceTree = "<group>"; };
		CE17B7331D07D9B00058AB13 /* bintree.cpp */ = {isa = PBXFileReference; fileEncoding = 4; lastKnownFileType = sourcecode.cpp.cpp; path = bintree.cpp; sourceTree = "<group>"; };
		CE17B7341D07D9B00058AB13 /* bintree.h */ = {isa = PBXFileReference; fileEncoding = 4; lastKnownFileType = sourcecode.c.h; path = bintree.h; sourceTree = "<group>"; };
		CE17B7351D07D9B00058AB13 /* hash.cpp */ = {isa = PBXFileReference; fileEncoding = 4; lastKnownFileType = sourcecode.cpp.cpp; path = hash.cpp; sourceTree = "<group>"; };
		CE17B7361D07D9B00058AB13 /* hash.h */ = {isa = PBXFileReference; fileEncoding = 4; lastKnownFileType = sourcecode.c.h; path = hash.h; sourceTree = "<group>"; };
		CE17B7391D085F510058AB13 /* borrow.cpp */ = {isa = PBXFileReference; fileEncoding = 4; lastKnownFileType = sourcecode.cpp.cpp; path = borrow.cpp; sourceTree = "<group>"; };
		CE17B73A1D085F510058AB13 /* borrow.h */ = {isa = PBXFileReference; fileEncoding = 4; lastKnownFileType = sourcecode.c.h; path = borrow.h; sourceTree = "<group>"; };
		CE17B73B1D085F510058AB13 /* comedy.cpp */ = {isa = PBXFileReference; fileEncoding = 4; lastKnownFileType = sourcecode.cpp.cpp; path = comedy.cpp; sourceTree = "<group>"; };
		CE17B73C1D085F510058AB13 /* comedy.h */ = {isa = PBXFileReference; fileEncoding = 4; lastKnownFileType = sourcecode.c.h; path = comedy.h; sourceTree = "<group>"; };
		CE17B73D1D085F510058AB13 /* drama.cpp */ = {isa = PBXFileReference; fileEncoding = 4; lastKnownFileType = sourcecode.cpp.cpp; path = drama.cpp; sourceTree = "<group>"; };
		CE17B73E1D085F510058AB13 /* drama.h */ = {isa = PBXFileReference; fileEncoding = 4; lastKnownFileType = sourcecode.c.h; path = drama.h; sourceTree = "<group>"; };
		CE17B73F1D085F510058AB13 /* history.cpp */ = {isa = PBXFileReference; fileEncoding = 4; lastKnownFileType = sourcecode.cpp.cpp; path = history.cpp; sourceTree = "<group>"; };
		CE17B7401D085F510058AB13 /* history.h */ = {isa = PBXFileReference; fileEncoding = 4; lastKnownFileType = sourcecode.c.h; path = history.h; sourceTree = "<group>"; };
		CE17B7411D085F510058AB13 /* returnMovie.cpp */ = {isa = PBXFileReference; fileEncoding = 4; lastKnownFileType = sourcecode.cpp.cpp; path = returnMovie.cpp; sourceTree = "<group>"; };
		CE17B7421D085F510058AB13 /* returnMovie.h */ = {isa = PBXFileReference; fileEncoding = 4; lastKnownFileType = sourcecode.c.h; path = returnMovie.h; sourceTree = "<group>"; };
		CE17B7431D085F510058AB13 /* storemanager.cpp */ = {isa = PBXFileReference; fileEncoding = 4; lastKnownFileType = sourcecode.cpp.cpp; path = storemanager.cpp; sourceTree = "<group>"; };
		CE17B7441D085F510058AB13 /* storemanager.h */ = {isa = PBXFileReference; fileEncoding = 4; lastKnownFileType = sourcecode.c.h; path = storemanager.h; sourceTree = "<group>"; };
		CE17B7451D085F510058AB13 /* transaction.cpp */ = {isa = PBXFileReference; fileEncoding = 4; lastKnownFileType = sourcecode.cpp.cpp; path = transaction.cpp; sourceTree = "<group>"; };
		CE17B7461D085F510058AB13 /* transaction.h */ = {isa = PBXFileReference; fileEncoding = 4; lastKnownFileType = sourcecode.c.h; path = transaction.h; sourceTree = "<group>"; };
/* End PBXFileReference section */

/* Begin PBXFrameworksBuildPhase section */
		CE17B71A1D020D410058AB13 /* Frameworks */ = {
			isa = PBXFrameworksBuildPhase;
			buildActionMask = 2147483647;
			files = (
			);
			runOnlyForDeploymentPostprocessing = 0;
		};
/* End PBXFrameworksBuildPhase section */

/* Begin PBXGroup section */
		CE17B7141D020D410058AB13 = {
			isa = PBXGroup;
			children = (
				CE17B71F1D020D410058AB13 /* P4 */,
				CE17B71E1D020D410058AB13 /* Products */,
			);
			sourceTree = "<group>";
		};
		CE17B71E1D020D410058AB13 /* Products */ = {
			isa = PBXGroup;
			children = (
				CE17B71D1D020D410058AB13 /* P4 */,
			);
			name = Products;
			sourceTree = "<group>";
		};
		CE17B71F1D020D410058AB13 /* P4 */ = {
			isa = PBXGroup;
			children = (
				CE17B7391D085F510058AB13 /* borrow.cpp */,
				CE17B73A1D085F510058AB13 /* borrow.h */,
				CE17B73B1D085F510058AB13 /* comedy.cpp */,
				CE17B73C1D085F510058AB13 /* comedy.h */,
				CE17B73D1D085F510058AB13 /* drama.cpp */,
				CE17B73E1D085F510058AB13 /* drama.h */,
				CE17B73F1D085F510058AB13 /* history.cpp */,
				CE17B7401D085F510058AB13 /* history.h */,
				CE17B7411D085F510058AB13 /* returnMovie.cpp */,
				CE17B7421D085F510058AB13 /* returnMovie.h */,
				CE17B7431D085F510058AB13 /* storemanager.cpp */,
				CE17B7441D085F510058AB13 /* storemanager.h */,
				CE17B7451D085F510058AB13 /* transaction.cpp */,
				CE17B7461D085F510058AB13 /* transaction.h */,
				CE17B7331D07D9B00058AB13 /* bintree.cpp */,
				CE17B7341D07D9B00058AB13 /* bintree.h */,
				CE17B7351D07D9B00058AB13 /* hash.cpp */,
				CE17B7361D07D9B00058AB13 /* hash.h */,
				CE17B7321D0671DB0058AB13 /* movie.h */,
				CE17B7301D0671D20058AB13 /* movie.cpp */,
				CE17B72F1D0671CB0058AB13 /* classic.h */,
				CE17B72D1D0671C50058AB13 /* classic.cpp */,
				CE17B7201D020D410058AB13 /* main.cpp */,
				CE17B7271D020E200058AB13 /* customer.h */,
				CE17B7281D020EC70058AB13 /* customer.cpp */,
				CE17B72A1D0213B90058AB13 /* inventory.cpp */,
				CE17B72B1D0213B90058AB13 /* inventory.h */,
			);
			path = P4;
			sourceTree = "<group>";
		};
/* End PBXGroup section */

/* Begin PBXNativeTarget section */
		CE17B71C1D020D410058AB13 /* P4 */ = {
			isa = PBXNativeTarget;
			buildConfigurationList = CE17B7241D020D410058AB13 /* Build configuration list for PBXNativeTarget "P4" */;
			buildPhases = (
				CE17B7191D020D410058AB13 /* Sources */,
				CE17B71A1D020D410058AB13 /* Frameworks */,
				CE17B71B1D020D410058AB13 /* CopyFiles */,
			);
			buildRules = (
			);
			dependencies = (
			);
			name = P4;
			productName = P4;
			productReference = CE17B71D1D020D410058AB13 /* P4 */;
			productType = "com.apple.product-type.tool";
		};
/* End PBXNativeTarget section */

/* Begin PBXProject section */
		CE17B7151D020D410058AB13 /* Project object */ = {
			isa = PBXProject;
			attributes = {
				LastUpgradeCheck = 0640;
				ORGANIZATIONNAME = Shane;
				TargetAttributes = {
					CE17B71C1D020D410058AB13 = {
						CreatedOnToolsVersion = 6.4;
					};
				};
			};
			buildConfigurationList = CE17B7181D020D410058AB13 /* Build configuration list for PBXProject "P4" */;
			compatibilityVersion = "Xcode 3.2";
			developmentRegion = English;
			hasScannedForEncodings = 0;
			knownRegions = (
				en,
			);
			mainGroup = CE17B7141D020D410058AB13;
			productRefGroup = CE17B71E1D020D410058AB13 /* Products */;
			projectDirPath = "";
			projectRoot = "";
			targets = (
				CE17B71C1D020D410058AB13 /* P4 */,
			);
		};
/* End PBXProject section */

/* Begin PBXSourcesBuildPhase section */
		CE17B7191D020D410058AB13 /* Sources */ = {
			isa = PBXSourcesBuildPhase;
			buildActionMask = 2147483647;
			files = (
				CE17B7481D085F510058AB13 /* comedy.cpp in Sources */,
				CE17B7491D085F510058AB13 /* drama.cpp in Sources */,
				CE17B74C1D085F510058AB13 /* storemanager.cpp in Sources */,
				CE17B74A1D085F510058AB13 /* history.cpp in Sources */,
				CE17B74D1D085F510058AB13 /* transaction.cpp in Sources */,
				CE17B7211D020D410058AB13 /* main.cpp in Sources */,
				CE17B74B1D085F510058AB13 /* returnMovie.cpp in Sources */,
				CE17B7291D020EC70058AB13 /* customer.cpp in Sources */,
				CE17B72E1D0671C50058AB13 /* classic.cpp in Sources */,
				CE17B72C1D0213B90058AB13 /* inventory.cpp in Sources */,
				CE17B7381D07D9B00058AB13 /* hash.cpp in Sources */,
				CE17B7311D0671D20058AB13 /* movie.cpp in Sources */,
				CE17B7471D085F510058AB13 /* borrow.cpp in Sources */,
				CE17B7371D07D9B00058AB13 /* bintree.cpp in Sources */,
			);
			runOnlyForDeploymentPostprocessing = 0;
		};
/* End PBXSourcesBuildPhase section */

/* Begin XCBuildConfiguration section */
		CE17B7221D020D410058AB13 /* Debug */ = {
			isa = XCBuildConfiguration;
			buildSettings = {
				ALWAYS_SEARCH_USER_PATHS = NO;
				CLANG_CXX_LANGUAGE_STANDARD = "gnu++0x";
				CLANG_CXX_LIBRARY = "libc++";
				CLANG_ENABLE_MODULES = YES;
				CLANG_ENABLE_OBJC_ARC = YES;
				CLANG_WARN_BOOL_CONVERSION = YES;
				CLANG_WARN_CONSTANT_CONVERSION = YES;
				CLANG_WARN_DIRECT_OBJC_ISA_USAGE = YES_ERROR;
				CLANG_WARN_EMPTY_BODY = YES;
				CLANG_WARN_ENUM_CONVERSION = YES;
				CLANG_WARN_INT_CONVERSION = YES;
				CLANG_WARN_OBJC_ROOT_CLASS = YES_ERROR;
				CLANG_WARN_UNREACHABLE_CODE = YES;
				CLANG_WARN__DUPLICATE_METHOD_MATCH = YES;
				COPY_PHASE_STRIP = NO;
				DEBUG_INFORMATION_FORMAT = dwarf;
				ENABLE_STRICT_OBJC_MSGSEND = YES;
				GCC_C_LANGUAGE_STANDARD = gnu99;
				GCC_DYNAMIC_NO_PIC = NO;
				GCC_NO_COMMON_BLOCKS = YES;
				GCC_OPTIMIZATION_LEVEL = 0;
				GCC_PREPROCESSOR_DEFINITIONS = (
					"DEBUG=1",
					"$(inherited)",
				);
				GCC_SYMBOLS_PRIVATE_EXTERN = NO;
				GCC_WARN_64_TO_32_BIT_CONVERSION = YES;
				GCC_WARN_ABOUT_RETURN_TYPE = YES_ERROR;
				GCC_WARN_UNDECLARED_SELECTOR = YES;
				GCC_WARN_UNINITIALIZED_AUTOS = YES_AGGRESSIVE;
				GCC_WARN_UNUSED_FUNCTION = YES;
				GCC_WARN_UNUSED_VARIABLE = YES;
				MACOSX_DEPLOYMENT_TARGET = 10.10;
				MTL_ENABLE_DEBUG_INFO = YES;
				ONLY_ACTIVE_ARCH = YES;
				SDKROOT = macosx;
			};
			name = Debug;
		};
		CE17B7231D020D410058AB13 /* Release */ = {
			isa = XCBuildConfiguration;
			buildSettings = {
				ALWAYS_SEARCH_USER_PATHS = NO;
				CLANG_CXX_LANGUAGE_STANDARD = "gnu++0x";
				CLANG_CXX_LIBRARY = "libc++";
				CLANG_ENABLE_MODULES = YES;
				CLANG_ENABLE_OBJC_ARC = YES;
				CLANG_WARN_BOOL_CONVERSION = YES;
				CLANG_WARN_CONSTANT_CONVERSION = YES;
				CLANG_WARN_DIRECT_OBJC_ISA_USAGE = YES_ERROR;
				CLANG_WARN_EMPTY_BODY = YES;
				CLANG_WARN_ENUM_CONVERSION = YES;
				CLANG_WARN_INT_CONVERSION = YES;
				CLANG_WARN_OBJC_ROOT_CLASS = YES_ERROR;
				CLANG_WARN_UNREACHABLE_CODE = YES;
				CLANG_WARN__DUPLICATE_METHOD_MATCH = YES;
				COPY_PHASE_STRIP = NO;
				DEBUG_INFORMATION_FORMAT = "dwarf-with-dsym";
				ENABLE_NS_ASSERTIONS = NO;
				ENABLE_STRICT_OBJC_MSGSEND = YES;
				GCC_C_LANGUAGE_STANDARD = gnu99;
				GCC_NO_COMMON_BLOCKS = YES;
				GCC_WARN_64_TO_32_BIT_CONVERSION = YES;
				GCC_WARN_ABOUT_RETURN_TYPE = YES_ERROR;
				GCC_WARN_UNDECLARED_SELECTOR = YES;
				GCC_WARN_UNINITIALIZED_AUTOS = YES_AGGRESSIVE;
				GCC_WARN_UNUSED_FUNCTION = YES;
				GCC_WARN_UNUSED_VARIABLE = YES;
				MACOSX_DEPLOYMENT_TARGET = 10.10;
				MTL_ENABLE_DEBUG_INFO = NO;
				SDKROOT = macosx;
			};
			name = Release;
		};
		CE17B7251D020D410058AB13 /* Debug */ = {
			isa = XCBuildConfiguration;
			buildSettings = {
				PRODUCT_NAME = "$(TARGET_NAME)";
			};
			name = Debug;
		};
		CE17B7261D020D410058AB13 /* Release */ = {
			isa = XCBuildConfiguration;
			buildSettings = {
				PRODUCT_NAME = "$(TARGET_NAME)";
			};
			name = Release;
		};
/* End XCBuildConfiguration section */

/* Begin XCConfigurationList section */
		CE17B7181D020D410058AB13 /* Build configuration list for PBXProject "P4" */ = {
			isa = XCConfigurationList;
			buildConfigurations = (
				CE17B7221D020D410058AB13 /* Debug */,
				CE17B7231D020D410058AB13 /* Release */,
			);
			defaultConfigurationIsVisible = 0;
			defaultConfigurationName = Release;
		};
		CE17B7241D020D410058AB13 /* Build configuration list for PBXNativeTarget "P4" */ = {
			isa = XCConfigurationList;
			buildConfigurations = (
				CE17B7251D020D410058AB13 /* Debug */,
				CE17B7261D020D410058AB13 /* Release */,
			);
			defaultConfigurationIsVisible = 0;
		};
/* End XCConfigurationList section */
	};
	rootObject = CE17B7151D020D410058AB13 /* Project object */;
}
